{
  "name": "JS_DSpace",
  "version": "1.0.0",
  "lockfileVersion": 3,
  "requires": true,
  "description": "Express backend proxying DSpace REST API",
  "main": "index.js",
  "packages": {
    "": {
      "name": "JS_DSpace"
    }
  },
  "devDependencies": {
    "nodemon": "^2.0.0"
  },
  "scripts": {
    "dev": "nodemon index.js",
    "start": "node index.js"
  }
}
